// !$*UTF8*$!
{
	archiveVersion = 1;
	classes = {
	};
	objectVersion = 50;
	objects = {

/* Begin PBXBuildFile section */
		5FD1273222C7F7E60099F6FB /* AppDelegate.swift in Sources */ = {isa = PBXBuildFile; fileRef = 5FD1273122C7F7E60099F6FB /* AppDelegate.swift */; };
		5FD1273422C7F7E60099F6FB /* SceneDelegate.swift in Sources */ = {isa = PBXBuildFile; fileRef = 5FD1273322C7F7E60099F6FB /* SceneDelegate.swift */; };
		5FD1273622C7F7E60099F6FB /* ContentView.swift in Sources */ = {isa = PBXBuildFile; fileRef = 5FD1273522C7F7E60099F6FB /* ContentView.swift */; };
		5FD1273822C7F7E70099F6FB /* Assets.xcassets in Resources */ = {isa = PBXBuildFile; fileRef = 5FD1273722C7F7E70099F6FB /* Assets.xcassets */; };
		5FD1273B22C7F7E70099F6FB /* Preview Assets.xcassets in Resources */ = {isa = PBXBuildFile; fileRef = 5FD1273A22C7F7E70099F6FB /* Preview Assets.xcassets */; };
		5FD1273E22C7F7E70099F6FB /* LaunchScreen.storyboard in Resources */ = {isa = PBXBuildFile; fileRef = 5FD1273C22C7F7E70099F6FB /* LaunchScreen.storyboard */; };
/* End PBXBuildFile section */

/* Begin PBXFileReference section */
		5FD1272E22C7F7E60099F6FB /* SwiftUI-Bindable-Form-States.app */ = {isa = PBXFileReference; explicitFileType = wrapper.application; includeInIndex = 0; path = "SwiftUI-Bindable-Form-States.app"; sourceTree = BUILT_PRODUCTS_DIR; };
		5FD1273122C7F7E60099F6FB /* AppDelegate.swift */ = {isa = PBXFileReference; lastKnownFileType = sourcecode.swift; path = AppDelegate.swift; sourceTree = "<group>"; };
		5FD1273322C7F7E60099F6FB /* SceneDelegate.swift */ = {isa = PBXFileReference; lastKnownFileType = sourcecode.swift; path = SceneDelegate.swift; sourceTree = "<group>"; };
		5FD1273522C7F7E60099F6FB /* ContentView.swift */ = {isa = PBXFileReference; lastKnownFileType = sourcecode.swift; path = ContentView.swift; sourceTree = "<group>"; };
		5FD1273722C7F7E70099F6FB /* Assets.xcassets */ = {isa = PBXFileReference; lastKnownFileType = folder.assetcatalog; path = Assets.xcassets; sourceTree = "<group>"; };
		5FD1273A22C7F7E70099F6FB /* Preview Assets.xcassets */ = {isa = PBXFileReference; lastKnownFileType = folder.assetcatalog; path = "Preview Assets.xcassets"; sourceTree = "<group>"; };
		5FD1273D22C7F7E70099F6FB /* Base */ = {isa = PBXFileReference; lastKnownFileType = file.storyboard; name = Base; path = Base.lproj/LaunchScreen.storyboard; sourceTree = "<group>"; };
		5FD1273F22C7F7E70099F6FB /* Info.plist */ = {isa = PBXFileReference; lastKnownFileType = text.plist.xml; path = Info.plist; sourceTree = "<group>"; };
/* End PBXFileReference section */

/* Begin PBXFrameworksBuildPhase section */
		5FD1272B22C7F7E60099F6FB /* Frameworks */ = {
			isa = PBXFrameworksBuildPhase;
			buildActionMask = 2147483647;
			files = (
			);
			runOnlyForDeploymentPostprocessing = 0;
		};
/* End PBXFrameworksBuildPhase section */

/* Begin PBXGroup section */
		5FD1272522C7F7E60099F6FB = {
			isa = PBXGroup;
			children = (
				5FD1273022C7F7E60099F6FB /* SwiftUI-Bindable-Form-States */,
				5FD1272F22C7F7E60099F6FB /* Products */,
			);
			sourceTree = "<group>";
		};
		5FD1272F22C7F7E60099F6FB /* Products */ = {
			isa = PBXGroup;
			children = (
				5FD1272E22C7F7E60099F6FB /* SwiftUI-Bindable-Form-States.app */,
			);
			name = Products;
			sourceTree = "<group>";
		};
		5FD1273022C7F7E60099F6FB /* SwiftUI-Bindable-Form-States */ = {
			isa = PBXGroup;
			children = (
				5FD1273122C7F7E60099F6FB /* AppDelegate.swift */,
				5FD1273322C7F7E60099F6FB /* SceneDelegate.swift */,
				5FD1273522C7F7E60099F6FB /* ContentView.swift */,
				5FD1273722C7F7E70099F6FB /* Assets.xcassets */,
				5FD1273C22C7F7E70099F6FB /* LaunchScreen.storyboard */,
				5FD1273F22C7F7E70099F6FB /* Info.plist */,
				5FD1273922C7F7E70099F6FB /* Preview Content */,
			);
			path = "SwiftUI-Bindable-Form-States";
			sourceTree = "<group>";
		};
		5FD1273922C7F7E70099F6FB /* Preview Content */ = {
			isa = PBXGroup;
			children = (
				5FD1273A22C7F7E70099F6FB /* Preview Assets.xcassets */,
			);
			path = "Preview Content";
			sourceTree = "<group>";
		};
/* End PBXGroup section */

/* Begin PBXNativeTarget section */
		5FD1272D22C7F7E60099F6FB /* SwiftUI-Bindable-Form-States */ = {
			isa = PBXNativeTarget;
			buildConfigurationList = 5FD1274222C7F7E70099F6FB /* Build configuration list for PBXNativeTarget "SwiftUI-Bindable-Form-States" */;
			buildPhases = (
				5FD1272A22C7F7E60099F6FB /* Sources */,
				5FD1272B22C7F7E60099F6FB /* Frameworks */,
				5FD1272C22C7F7E60099F6FB /* Resources */,
			);
			buildRules = (
			);
			dependencies = (
			);
			name = "SwiftUI-Bindable-Form-States";
			productName = "SwiftUI-Bindable-Form-States";
			productReference = 5FD1272E22C7F7E60099F6FB /* SwiftUI-Bindable-Form-States.app */;
			productType = "com.apple.product-type.application";
		};
/* End PBXNativeTarget section */

/* Begin PBXProject section */
		5FD1272622C7F7E60099F6FB /* Project object */ = {
			isa = PBXProject;
			attributes = {
				LastSwiftUpdateCheck = 1100;
				LastUpgradeCheck = 1100;
				ORGANIZATIONNAME = "Amarok Technologies Inc.";
				TargetAttributes = {
					5FD1272D22C7F7E60099F6FB = {
						CreatedOnToolsVersion = 11.0;
					};
				};
			};
			buildConfigurationList = 5FD1272922C7F7E60099F6FB /* Build configuration list for PBXProject "SwiftUI-Bindable-Form-States" */;
			compatibilityVersion = "Xcode 9.3";
			developmentRegion = en;
			hasScannedForEncodings = 0;
			knownRegions = (
				en,
				Base,
			);
			mainGroup = 5FD1272522C7F7E60099F6FB;
			productRefGroup = 5FD1272F22C7F7E60099F6FB /* Products */;
			projectDirPath = "";
			projectRoot = "";
			targets = (
				5FD1272D22C7F7E60099F6FB /* SwiftUI-Bindable-Form-States */,
			);
		};
/* End PBXProject section */

/* Begin PBXResourcesBuildPhase section */
		5FD1272C22C7F7E60099F6FB /* Resources */ = {
			isa = PBXResourcesBuildPhase;
			buildActionMask = 2147483647;
			files = (
				5FD1273E22C7F7E70099F6FB /* LaunchScreen.storyboard in Resources */,
				5FD1273B22C7F7E70099F6FB /* Preview Assets.xcassets in Resources */,
				5FD1273822C7F7E70099F6FB /* Assets.xcassets in Resources */,
			);
			runOnlyForDeploymentPostprocessing = 0;
		};
/* End PBXResourcesBuildPhase section */

/* Begin PBXSourcesBuildPhase section */
		5FD1272A22C7F7E60099F6FB /* Sources */ = {
			isa = PBXSourcesBuildPhase;
			buildActionMask = 2147483647;
			files = (
				5FD1273222C7F7E60099F6FB /* AppDelegate.swift in Sources */,
				5FD1273422C7F7E60099F6FB /* SceneDelegate.swift in Sources */,
				5FD1273622C7F7E60099F6FB /* ContentView.swift in Sources */,
			);
			runOnlyForDeploymentPostprocessing = 0;
		};
/* End PBXSourcesBuildPhase section */

/* Begin PBXVariantGroup section */
		5FD1273C22C7F7E70099F6FB /* LaunchScreen.storyboard */ = {
			isa = PBXVariantGroup;
			children = (
				5FD1273D22C7F7E70099F6FB /* Base */,
			);
			name = LaunchScreen.storyboard;
			sourceTree = "<group>";
		};
/* End PBXVariantGroup section */

/* Begin XCBuildConfiguration section */
		5FD1274022C7F7E70099F6FB /* Debug */ = {
			isa = XCBuildConfiguration;
			buildSettings = {
				ALWAYS_SEARCH_USER_PATHS = NO;
				CLANG_ANALYZER_NONNULL = YES;
				CLANG_ANALYZER_NUMBER_OBJECT_CONVERSION = YES_AGGRESSIVE;
				CLANG_CXX_LANGUAGE_STANDARD = "gnu++14";
				CLANG_CXX_LIBRARY = "libc++";
				CLANG_ENABLE_MODULES = YES;
				CLANG_ENABLE_OBJC_ARC = YES;
				CLANG_ENABLE_OBJC_WEAK = YES;
				CLANG_WARN_BLOCK_CAPTURE_AUTORELEASING = YES;
				CLANG_WARN_BOOL_CONVERSION = YES;
				CLANG_WARN_COMMA = YES;
				CLANG_WARN_CONSTANT_CONVERSION = YES;
				CLANG_WARN_DEPRECATED_OBJC_IMPLEMENTATIONS = YES;
				CLANG_WARN_DIRECT_OBJC_ISA_USAGE = YES_ERROR;
				CLANG_WARN_DOCUMENTATION_COMMENTS = YES;
				CLANG_WARN_EMPTY_BODY = YES;
				CLANG_WARN_ENUM_CONVERSION = YES;
				CLANG_WARN_INFINITE_RECURSION = YES;
				CLANG_WARN_INT_CONVERSION = YES;
				CLANG_WARN_NON_LITERAL_NULL_CONVERSION = YES;
				CLANG_WARN_OBJC_IMPLICIT_RETAIN_SELF = YES;
				CLANG_WARN_OBJC_LITERAL_CONVERSION = YES;
				CLANG_WARN_OBJC_ROOT_CLASS = YES_ERROR;
				CLANG_WARN_RANGE_LOOP_ANALYSIS = YES;
				CLANG_WARN_STRICT_PROTOTYPES = YES;
				CLANG_WARN_SUSPICIOUS_MOVE = YES;
				CLANG_WARN_UNGUARDED_AVAILABILITY = YES_AGGRESSIVE;
				CLANG_WARN_UNREACHABLE_CODE = YES;
				CLANG_WARN__DUPLICATE_METHOD_MATCH = YES;
				COPY_PHASE_STRIP = NO;
				DEBUG_INFORMATION_FORMAT = dwarf;
				ENABLE_STRICT_OBJC_MSGSEND = YES;
				ENABLE_TESTABILITY = YES;
				GCC_C_LANGUAGE_STANDARD = gnu11;
				GCC_DYNAMIC_NO_PIC = NO;
				GCC_NO_COMMON_BLOCKS = YES;
				GCC_OPTIMIZATION_LEVEL = 0;
				GCC_PREPROCESSOR_DEFINITIONS = (
					"DEBUG=1",
					"$(inherited)",
				);
				GCC_WARN_64_TO_32_BIT_CONVERSION = YES;
				GCC_WARN_ABOUT_RETURN_TYPE = YES_ERROR;
				GCC_WARN_UNDECLARED_SELECTOR = YES;
				GCC_WARN_UNINITIALIZED_AUTOS = YES_AGGRESSIVE;
				GCC_WARN_UNUSED_FUNCTION = YES;
				GCC_WARN_UNUSED_VARIABLE = YES;
				IPHONEOS_DEPLOYMENT_TARGET = 13.0;
				MTL_ENABLE_DEBUG_INFO = INCLUDE_SOURCE;
				MTL_FAST_MATH = YES;
				ONLY_ACTIVE_ARCH = YES;
				SDKROOT = iphoneos;
				SWIFT_ACTIVE_COMPILATION_CONDITIONS = DEBUG;
				SWIFT_OPTIMIZATION_LEVEL = "-Onone";
			};
			name = Debug;
		};
		5FD1274122C7F7E70099F6FB /* Release */ = {
			isa = XCBuildConfiguration;
			buildSettings = {
				ALWAYS_SEARCH_USER_PATHS = NO;
				CLANG_ANALYZER_NONNULL = YES;
				CLANG_ANALYZER_NUMBER_OBJECT_CONVERSION = YES_AGGRESSIVE;
				CLANG_CXX_LANGUAGE_STANDARD = "gnu++14";
				CLANG_CXX_LIBRARY = "libc++";
				CLANG_ENABLE_MODULES = YES;
				CLANG_ENABLE_OBJC_ARC = YES;
				CLANG_ENABLE_OBJC_WEAK = YES;
				CLANG_WARN_BLOCK_CAPTURE_AUTORELEASING = YES;
				CLANG_WARN_BOOL_CONVERSION = YES;
				CLANG_WARN_COMMA = YES;
				CLANG_WARN_CONSTANT_CONVERSION = YES;
				CLANG_WARN_DEPRECATED_OBJC_IMPLEMENTATIONS = YES;
				CLANG_WARN_DIRECT_OBJC_ISA_USAGE = YES_ERROR;
				CLANG_WARN_DOCUMENTATION_COMMENTS = YES;
				CLANG_WARN_EMPTY_BODY = YES;
				CLANG_WARN_ENUM_CONVERSION = YES;
				CLANG_WARN_INFINITE_RECURSION = YES;
				CLANG_WARN_INT_CONVERSION = YES;
				CLANG_WARN_NON_LITERAL_NULL_CONVERSION = YES;
				CLANG_WARN_OBJC_IMPLICIT_RETAIN_SELF = YES;
				CLANG_WARN_OBJC_LITERAL_CONVERSION = YES;
				CLANG_WARN_OBJC_ROOT_CLASS = YES_ERROR;
				CLANG_WARN_RANGE_LOOP_ANALYSIS = YES;
				CLANG_WARN_STRICT_PROTOTYPES = YES;
				CLANG_WARN_SUSPICIOUS_MOVE = YES;
				CLANG_WARN_UNGUARDED_AVAILABILITY = YES_AGGRESSIVE;
				CLANG_WARN_UNREACHABLE_CODE = YES;
				CLANG_WARN__DUPLICATE_METHOD_MATCH = YES;
				COPY_PHASE_STRIP = NO;
				DEBUG_INFORMATION_FORMAT = "dwarf-with-dsym";
				ENABLE_NS_ASSERTIONS = NO;
				ENABLE_STRICT_OBJC_MSGSEND = YES;
				GCC_C_LANGUAGE_STANDARD = gnu11;
				GCC_NO_COMMON_BLOCKS = YES;
				GCC_WARN_64_TO_32_BIT_CONVERSION = YES;
				GCC_WARN_ABOUT_RETURN_TYPE = YES_ERROR;
				GCC_WARN_UNDECLARED_SELECTOR = YES;
				GCC_WARN_UNINITIALIZED_AUTOS = YES_AGGRESSIVE;
				GCC_WARN_UNUSED_FUNCTION = YES;
				GCC_WARN_UNUSED_VARIABLE = YES;
				IPHONEOS_DEPLOYMENT_TARGET = 13.0;
				MTL_ENABLE_DEBUG_INFO = NO;
				MTL_FAST_MATH = YES;
				SDKROOT = iphoneos;
				SWIFT_COMPILATION_MODE = wholemodule;
				SWIFT_OPTIMIZATION_LEVEL = "-O";
				VALIDATE_PRODUCT = YES;
			};
			name = Release;
		};
		5FD1274322C7F7E70099F6FB /* Debug */ = {
			isa = XCBuildConfiguration;
			buildSettings = {
				ASSETCATALOG_COMPILER_APPICON_NAME = AppIcon;
				CODE_SIGN_STYLE = Automatic;
				DEVELOPMENT_ASSET_PATHS = "SwiftUI-Bindable-Form-States/Preview\\ Content";
				DEVELOPMENT_TEAM = RZXS4983P7;
				ENABLE_PREVIEWS = YES;
				INFOPLIST_FILE = "SwiftUI-Bindable-Form-States/Info.plist";
				LD_RUNPATH_SEARCH_PATHS = (
					"$(inherited)",
					"@executable_path/Frameworks",
				);
				PRODUCT_BUNDLE_IDENTIFIER = "xyz.Amarok.SwiftUI-Bindable-Form-States";
				PRODUCT_NAME = "$(TARGET_NAME)";
				SWIFT_VERSION = 5.0;
				TARGETED_DEVICE_FAMILY = "1,2";
			};
			name = Debug;
		};
		5FD1274422C7F7E70099F6FB /* Release */ = {
			isa = XCBuildConfiguration;
			buildSettings = {
				ASSETCATALOG_COMPILER_APPICON_NAME = AppIcon;
				CODE_SIGN_STYLE = Automatic;
				DEVELOPMENT_ASSET_PATHS = "SwiftUI-Bindable-Form-States/Preview\\ Content";
				DEVELOPMENT_TEAM = RZXS4983P7;
				ENABLE_PREVIEWS = YES;
				INFOPLIST_FILE = "SwiftUI-Bindable-Form-States/Info.plist";
				LD_RUNPATH_SEARCH_PATHS = (
					"$(inherited)",
					"@executable_path/Frameworks",
				);
				PRODUCT_BUNDLE_IDENTIFIER = "xyz.Amarok.SwiftUI-Bindable-Form-States";
				PRODUCT_NAME = "$(TARGET_NAME)";
				SWIFT_VERSION = 5.0;
				TARGETED_DEVICE_FAMILY = "1,2";
			};
			name = Release;
		};
/* End XCBuildConfiguration section */

/* Begin XCConfigurationList section */
		5FD1272922C7F7E60099F6FB /* Build configuration list for PBXProject "SwiftUI-Bindable-Form-States" */ = {
			isa = XCConfigurationList;
			buildConfigurations = (
				5FD1274022C7F7E70099F6FB /* Debug */,
				5FD1274122C7F7E70099F6FB /* Release */,
			);
			defaultConfigurationIsVisible = 0;
			defaultConfigurationName = Release;
		};
		5FD1274222C7F7E70099F6FB /* Build configuration list for PBXNativeTarget "SwiftUI-Bindable-Form-States" */ = {
			isa = XCConfigurationList;
			buildConfigurations = (
				5FD1274322C7F7E70099F6FB /* Debug */,
				5FD1274422C7F7E70099F6FB /* Release */,
			);
			defaultConfigurationIsVisible = 0;
			defaultConfigurationName = Release;
		};
/* End XCConfigurationList section */
	};
	rootObject = 5FD1272622C7F7E60099F6FB /* Project object */;
}
